# This file is automatically @generated by Cargo.
# It is not intended for manual editing.
version = 4

[[package]]
name = "flashos-abi"
version = "0.8.0"

[[package]]
name = "flashos-canary"
version = "0.8.0"

[[package]]
name = "flashos-console-ui"
version = "0.8.0"

[[package]]
name = "flashos-flibc"
version = "0.8.0"

[[package]]
name = "flashos-hello"
version = "0.8.0"
dependencies = [
 "flashos-user-rt",
]

[[package]]
name = "flashos-kernel"
version = "0.8.0"

[[package]]
name = "flashos-user-rt"
version = "0.8.0"
dependencies = [
 "flashos-abi",
]

[[package]]
name = "xtask"
version = "0.8.0"
dependencies = [
 "flashos-abi",
]
