# Flash toolchain pin
#
# The flashc revision this tree is transpiled with. Flash modules
# (`*.flash`) are rebuilt through this exact compiler; port progress
# must never depend on a moving toolchain. Bumping the pin is a
# deliberate, single-commit step (rebuild + both boot watchdogs green).
#
# The build resolves the binary via -Dflashc=<path>; the default
# expects a Flash checkout at ~/Flash built with `zig build` — since Flash v1.0.1 the installed `flashc` IS the live self-hosted
# compiler (native LLVM driver; Zig emission needs the explicit `--backend=zig`).

flash-version = 1.1.1
flash-commit  = f81408bf33354351c543801e81dc352dcf2d4a9a
flashc-binary = zig-out/bin/flashc
