# Flash toolchain pin
#
# The flashc revision this tree is transpiled with. Flash modules
# (`*.flash`) are rebuilt through this exact compiler; port progress
# must never depend on a moving toolchain. Bumping the pin is a
# deliberate, single-commit step (rebuild + both boot watchdogs green).
#
# The build resolves the binary via -Dflashc=<path>; the default
# expects a Flash checkout at ~/Flash built with `zig build stage1`.

flash-version = 1.0.0
flash-commit  = 11c22fde8cf95bffdfbfebd13c4c9025667f05c0
flashc-binary = zig-out/bin/flashc-stage1
