# This file is automatically @generated by Cargo.
# It is not intended for manual editing.
version = 4

[[package]]
name = "flashshell-cli"
version = "0.1.0"
dependencies = [
 "flashshell-platform-posix",
 "flashshell-runtime",
]

[[package]]
name = "flashshell-platform"
version = "0.1.0"

[[package]]
name = "flashshell-platform-posix"
version = "0.1.0"
dependencies = [
 "flashshell-platform",
]

[[package]]
name = "flashshell-runtime"
version = "0.1.0"
dependencies = [
 "flashshell-platform",
 "flashshell-platform-posix",
 "flashshell-syntax",
]

[[package]]
name = "flashshell-syntax"
version = "0.1.0"
